
Microsoft Visual Studio Solution File, Format Version 12.00
# Visual Studio 15
VisualStudioVersion = 15.0.28307.757
MinimumVisualStudioVersion = 10.0.40219.1
Project("{FAE04EC0-301F-11D3-BF4B-00C04F79EFBC}") = "RabbitMQDemo", "RabbitMQDemo\RabbitMQDemo.csproj", "{0DEC4A40-E75C-4303-B826-D9E67AA4669E}"
EndProject
Project("{FAE04EC0-301F-11D3-BF4B-00C04F79EFBC}") = "ArrivalReceiver", "ArrivalReceiver\ArrivalReceiver.csproj", "{8604B039-D53B-48B3-AF80-8516010B820E}"
EndProject
Project("{FAE04EC0-301F-11D3-BF4B-00C04F79EFBC}") = "NotWorkingReceiver", "NotWorkingReceiver\NotWorkingReceiver.csproj", "{C25908DC-C00A-4A9A-8684-C1117339D223}"
EndProject
Project("{FAE04EC0-301F-11D3-BF4B-00C04F79EFBC}") = "Utility", "Utility\Utility.csproj", "{B719CC99-B762-47B4-85B5-95EC4C406C9C}"
EndProject
Global
	GlobalSection(SolutionConfigurationPlatforms) = preSolution
		Debug|Any CPU = Debug|Any CPU
		Release|Any CPU = Release|Any CPU
	EndGlobalSection
	GlobalSection(ProjectConfigurationPlatforms) = postSolution
		{0DEC4A40-E75C-4303-B826-D9E67AA4669E}.Debug|Any CPU.ActiveCfg = Debug|Any CPU
		{0DEC4A40-E75C-4303-B826-D9E67AA4669E}.Debug|Any CPU.Build.0 = Debug|Any CPU
		{0DEC4A40-E75C-4303-B826-D9E67AA4669E}.Release|Any CPU.ActiveCfg = Release|Any CPU
		{0DEC4A40-E75C-4303-B826-D9E67AA4669E}.Release|Any CPU.Build.0 = Release|Any CPU
		{8604B039-D53B-48B3-AF80-8516010B820E}.Debug|Any CPU.ActiveCfg = Debug|Any CPU
		{8604B039-D53B-48B3-AF80-8516010B820E}.Debug|Any CPU.Build.0 = Debug|Any CPU
		{8604B039-D53B-48B3-AF80-8516010B820E}.Release|Any CPU.ActiveCfg = Release|Any CPU
		{8604B039-D53B-48B3-AF80-8516010B820E}.Release|Any CPU.Build.0 = Release|Any CPU
		{C25908DC-C00A-4A9A-8684-C1117339D223}.Debug|Any CPU.ActiveCfg = Debug|Any CPU
		{C25908DC-C00A-4A9A-8684-C1117339D223}.Debug|Any CPU.Build.0 = Debug|Any CPU
		{C25908DC-C00A-4A9A-8684-C1117339D223}.Release|Any CPU.ActiveCfg = Release|Any CPU
		{C25908DC-C00A-4A9A-8684-C1117339D223}.Release|Any CPU.Build.0 = Release|Any CPU
		{B719CC99-B762-47B4-85B5-95EC4C406C9C}.Debug|Any CPU.ActiveCfg = Debug|Any CPU
		{B719CC99-B762-47B4-85B5-95EC4C406C9C}.Debug|Any CPU.Build.0 = Debug|Any CPU
		{B719CC99-B762-47B4-85B5-95EC4C406C9C}.Release|Any CPU.ActiveCfg = Release|Any CPU
		{B719CC99-B762-47B4-85B5-95EC4C406C9C}.Release|Any CPU.Build.0 = Release|Any CPU
	EndGlobalSection
	GlobalSection(SolutionProperties) = preSolution
		HideSolutionNode = FALSE
	EndGlobalSection
	GlobalSection(ExtensibilityGlobals) = postSolution
		SolutionGuid = {CB1DBDF2-E8FE-409B-8A9F-BE2B3B094C6C}
	EndGlobalSection
EndGlobal
